
Microsoft Visual Studio Solution File, Format Version 12.00
# Visual Studio 2013
VisualStudioVersion = 12.0.30723.0
MinimumVisualStudioVersion = 10.0.40219.1
Project("{FAE04EC0-301F-11D3-BF4B-00C04F79EFBC}") = "InvogueApp", "InvogueApp\InvogueApp.csproj", "{01DDF0D9-B486-4090-AABD-D23DE0F9190D}"
EndProject
Project("{FAE04EC0-301F-11D3-BF4B-00C04F79EFBC}") = "DAL", "DAL\DAL.csproj", "{46A5951C-9F5E-4BB7-9E0A-54FEC4A15E85}"
EndProject
Project("{FAE04EC0-301F-11D3-BF4B-00C04F79EFBC}") = "BLL", "BLL\BLL.csproj", "{166123FB-60A5-4BE0-AAEF-4906E78F44BB}"
EndProject
Global
	GlobalSection(SolutionConfigurationPlatforms) = preSolution
		Debug|Any CPU = Debug|Any CPU
		Release|Any CPU = Release|Any CPU
	EndGlobalSection
	GlobalSection(ProjectConfigurationPlatforms) = postSolution
		{01DDF0D9-B486-4090-AABD-D23DE0F9190D}.Debug|Any CPU.ActiveCfg = Debug|Any CPU
		{01DDF0D9-B486-4090-AABD-D23DE0F9190D}.Debug|Any CPU.Build.0 = Debug|Any CPU
		{01DDF0D9-B486-4090-AABD-D23DE0F9190D}.Release|Any CPU.ActiveCfg = Release|Any CPU
		{01DDF0D9-B486-4090-AABD-D23DE0F9190D}.Release|Any CPU.Build.0 = Release|Any CPU
		{46A5951C-9F5E-4BB7-9E0A-54FEC4A15E85}.Debug|Any CPU.ActiveCfg = Debug|Any CPU
		{46A5951C-9F5E-4BB7-9E0A-54FEC4A15E85}.Debug|Any CPU.Build.0 = Debug|Any CPU
		{46A5951C-9F5E-4BB7-9E0A-54FEC4A15E85}.Release|Any CPU.ActiveCfg = Release|Any CPU
		{46A5951C-9F5E-4BB7-9E0A-54FEC4A15E85}.Release|Any CPU.Build.0 = Release|Any CPU
		{166123FB-60A5-4BE0-AAEF-4906E78F44BB}.Debug|Any CPU.ActiveCfg = Debug|Any CPU
		{166123FB-60A5-4BE0-AAEF-4906E78F44BB}.Debug|Any CPU.Build.0 = Debug|Any CPU
		{166123FB-60A5-4BE0-AAEF-4906E78F44BB}.Release|Any CPU.ActiveCfg = Release|Any CPU
		{166123FB-60A5-4BE0-AAEF-4906E78F44BB}.Release|Any CPU.Build.0 = Release|Any CPU
	EndGlobalSection
	GlobalSection(SolutionProperties) = preSolution
		HideSolutionNode = FALSE
	EndGlobalSection
EndGlobal
